
Microsoft Visual Studio Solution File, Format Version 12.00
# Visual Studio Version 16
VisualStudioVersion = 16.0.30907.101
MinimumVisualStudioVersion = 10.0.40219.1
Project("{9A19103F-16F7-4668-BE54-9A1E7A4F7556}") = "DrugMicroservice", "DrugMicroservice.csproj", "{088C0070-C35E-4B3E-8B1B-5C777C3DE110}"
EndProject
Global
	GlobalSection(SolutionConfigurationPlatforms) = preSolution
		Debug|Any CPU = Debug|Any CPU
		Release|Any CPU = Release|Any CPU
	EndGlobalSection
	GlobalSection(ProjectConfigurationPlatforms) = postSolution
		{088C0070-C35E-4B3E-8B1B-5C777C3DE110}.Debug|Any CPU.ActiveCfg = Debug|Any CPU
		{088C0070-C35E-4B3E-8B1B-5C777C3DE110}.Debug|Any CPU.Build.0 = Debug|Any CPU
		{088C0070-C35E-4B3E-8B1B-5C777C3DE110}.Release|Any CPU.ActiveCfg = Release|Any CPU
		{088C0070-C35E-4B3E-8B1B-5C777C3DE110}.Release|Any CPU.Build.0 = Release|Any CPU
	EndGlobalSection
	GlobalSection(SolutionProperties) = preSolution
		HideSolutionNode = FALSE
	EndGlobalSection
	GlobalSection(ExtensibilityGlobals) = postSolution
		SolutionGuid = {51682CF3-B09F-471C-B5DB-0F2186FFDEBD}
	EndGlobalSection
EndGlobal
